
Microsoft Visual Studio Solution File, Format Version 12.00
# Visual Studio Version 16
VisualStudioVersion = 16.0.30431.218
MinimumVisualStudioVersion = 10.0.40219.1
Project("{9A19103F-16F7-4668-BE54-9A1E7A4F7556}") = "Profiler", "Profiler\Profiler.csproj", "{84FC4143-E62C-469F-82F2-6575045EC0B6}"
EndProject
Global
	GlobalSection(SolutionConfigurationPlatforms) = preSolution
		Debug|Any CPU = Debug|Any CPU
		Release|Any CPU = Release|Any CPU
	EndGlobalSection
	GlobalSection(ProjectConfigurationPlatforms) = postSolution
		{84FC4143-E62C-469F-82F2-6575045EC0B6}.Debug|Any CPU.ActiveCfg = Debug|Any CPU
		{84FC4143-E62C-469F-82F2-6575045EC0B6}.Debug|Any CPU.Build.0 = Debug|Any CPU
		{84FC4143-E62C-469F-82F2-6575045EC0B6}.Release|Any CPU.ActiveCfg = Release|Any CPU
		{84FC4143-E62C-469F-82F2-6575045EC0B6}.Release|Any CPU.Build.0 = Release|Any CPU
	EndGlobalSection
	GlobalSection(SolutionProperties) = preSolution
		HideSolutionNode = FALSE
	EndGlobalSection
	GlobalSection(ExtensibilityGlobals) = postSolution
		SolutionGuid = {DB967DB5-38CD-4B1E-8B83-1B83664650F5}
	EndGlobalSection
EndGlobal
